Microsoft Visual Studio Solution File, Format Version 11.00
# Visual Studio 2008

Project("{C314FC44-1951-9449-F760-368AB9EBFA4A}") = "Interim Demo", "Assembly-CSharp-firstpass.csproj", "{E3F3B5D4-7AD7-F957-6443-280DD2D1ED51}"
EndProject
Project("{C314FC44-1951-9449-F760-368AB9EBFA4A}") = "Interim Demo", "Assembly-CSharp.csproj", "{ABB23115-266F-1C05-D242-D26AF947FD35}"
EndProject
Project("{C314FC44-1951-9449-F760-368AB9EBFA4A}") = "Interim Demo", "Assembly-CSharp-Editor.csproj", "{F1E27406-1C6B-40CC-9995-89794E78644F}"
EndProject
Project("{C314FC44-1951-9449-F760-368AB9EBFA4A}") = "Interim Demo", "Assembly-UnityScript-firstpass.unityproj", "{A37AF900-EA22-5E7D-3DFF-BC6D54F0C4EC}"
EndProject
Global
	GlobalSection(SolutionConfigurationPlatforms) = preSolution
		Debug|Any CPU = Debug|Any CPU
		Release|Any CPU = Release|Any CPU
	EndGlobalSection
	GlobalSection(ProjectConfigurationPlatforms) = postSolution
		{E3F3B5D4-7AD7-F957-6443-280DD2D1ED51}.Debug|Any CPU.ActiveCfg = Debug|Any CPU
		{E3F3B5D4-7AD7-F957-6443-280DD2D1ED51}.Debug|Any CPU.Build.0 = Debug|Any CPU
		{E3F3B5D4-7AD7-F957-6443-280DD2D1ED51}.Release|Any CPU.ActiveCfg = Release|Any CPU
		{E3F3B5D4-7AD7-F957-6443-280DD2D1ED51}.Release|Any CPU.Build.0 = Release|Any CPU
		{ABB23115-266F-1C05-D242-D26AF947FD35}.Debug|Any CPU.ActiveCfg = Debug|Any CPU
		{ABB23115-266F-1C05-D242-D26AF947FD35}.Debug|Any CPU.Build.0 = Debug|Any CPU
		{ABB23115-266F-1C05-D242-D26AF947FD35}.Release|Any CPU.ActiveCfg = Release|Any CPU
		{ABB23115-266F-1C05-D242-D26AF947FD35}.Release|Any CPU.Build.0 = Release|Any CPU
		{F1E27406-1C6B-40CC-9995-89794E78644F}.Debug|Any CPU.ActiveCfg = Debug|Any CPU
		{F1E27406-1C6B-40CC-9995-89794E78644F}.Debug|Any CPU.Build.0 = Debug|Any CPU
		{F1E27406-1C6B-40CC-9995-89794E78644F}.Release|Any CPU.ActiveCfg = Release|Any CPU
		{F1E27406-1C6B-40CC-9995-89794E78644F}.Release|Any CPU.Build.0 = Release|Any CPU
		{A37AF900-EA22-5E7D-3DFF-BC6D54F0C4EC}.Debug|Any CPU.ActiveCfg = Debug|Any CPU
		{A37AF900-EA22-5E7D-3DFF-BC6D54F0C4EC}.Debug|Any CPU.Build.0 = Debug|Any CPU
		{A37AF900-EA22-5E7D-3DFF-BC6D54F0C4EC}.Release|Any CPU.ActiveCfg = Release|Any CPU
		{A37AF900-EA22-5E7D-3DFF-BC6D54F0C4EC}.Release|Any CPU.Build.0 = Release|Any CPU
	EndGlobalSection
	GlobalSection(SolutionProperties) = preSolution
		HideSolutionNode = FALSE
	EndGlobalSection
																																																						GlobalSection(MonoDevelopProperties) = preSolution
		StartupItem = Assembly-CSharp.csproj
		Policies = $0
		$0.TextStylePolicy = $1
		$1.inheritsSet = null
		$1.scope = text/x-csharp
		$0.CSharpFormattingPolicy = $2
		$2.inheritsSet = Mono
		$2.inheritsScope = text/x-csharp
		$2.scope = text/x-csharp
		$0.TextStylePolicy = $3
		$3.FileWidth = 120
		$3.TabWidth = 4
		$3.EolMarker = Unix
		$3.inheritsSet = Mono
		$3.inheritsScope = text/plain
		$3.scope = text/plain
	EndGlobalSection

EndGlobal
